PODS:
  - Alamofire (4.8.2)
  - TekCoreNetwork (0.1.22):
    - Alamofire (~> 4.8.2)
  - TekCoreService (0.1.16):
    - TekCoreNetwork (~> 0.1.22)
  - TekServiceInterfaces (0.1.8)

DEPENDENCIES:
  - TekCoreNetwork (~> 0.1.22)
  - TekCoreService (~> 0.1.16)
  - TekServiceInterfaces

SPEC REPOS:
  https://github.com/CocoaPods/Specs.git:
    - Alamofire
  https://github.com/teko-vn/Specs-ios.git:
    - TekCoreNetwork
    - TekCoreService
    - TekServiceInterfaces

SPEC CHECKSUMS:
  Alamofire: ae5c501addb7afdbb13687d7f2f722c78734c2d3
  TekCoreNetwork: 8619e2b703bf657b281a9d548f61c2d6220aebaa
  TekCoreService: 86ebcf7ffaad2e34053c382178420d020f4ec7d4
  TekServiceInterfaces: 59bf139f1171eac66f2779bc67100fd87928d5b1

PODFILE CHECKSUM: f78385bc7eb06d766f2f3849eeabcf845706c8a7

COCOAPODS: 1.10.0.beta.2
